
Microsoft Visual Studio Solution File, Format Version 12.00
# Visual Studio Version 17
VisualStudioVersion = 17.10.34928.147
MinimumVisualStudioVersion = 10.0.40219.1
Project("{9A19103F-16F7-4668-BE54-9A1E7A4F7556}") = "BookStoreApp.API", "BookStoreApp.API\BookStoreApp.API.csproj", "{DEC8A46B-414E-45F0-B3A3-241BCA13006C}"
EndProject
Project("{FAE04EC0-301F-11D3-BF4B-00C04F79EFBC}") = "BookStoreApp.Blazor.Server.UI", "BookStoreApp.Blazor.Server.UI\BookStoreApp.Blazor.Server.UI.csproj", "{F9216E31-59C0-49C6-864B-EECE82EC8076}"
EndProject
Global
	GlobalSection(SolutionConfigurationPlatforms) = preSolution
		Debug|Any CPU = Debug|Any CPU
		Release|Any CPU = Release|Any CPU
	EndGlobalSection
	GlobalSection(ProjectConfigurationPlatforms) = postSolution
		{DEC8A46B-414E-45F0-B3A3-241BCA13006C}.Debug|Any CPU.ActiveCfg = Debug|Any CPU
		{DEC8A46B-414E-45F0-B3A3-241BCA13006C}.Debug|Any CPU.Build.0 = Debug|Any CPU
		{DEC8A46B-414E-45F0-B3A3-241BCA13006C}.Release|Any CPU.ActiveCfg = Release|Any CPU
		{DEC8A46B-414E-45F0-B3A3-241BCA13006C}.Release|Any CPU.Build.0 = Release|Any CPU
		{F9216E31-59C0-49C6-864B-EECE82EC8076}.Debug|Any CPU.ActiveCfg = Debug|Any CPU
		{F9216E31-59C0-49C6-864B-EECE82EC8076}.Debug|Any CPU.Build.0 = Debug|Any CPU
		{F9216E31-59C0-49C6-864B-EECE82EC8076}.Release|Any CPU.ActiveCfg = Release|Any CPU
		{F9216E31-59C0-49C6-864B-EECE82EC8076}.Release|Any CPU.Build.0 = Release|Any CPU
	EndGlobalSection
	GlobalSection(SolutionProperties) = preSolution
		HideSolutionNode = FALSE
	EndGlobalSection
	GlobalSection(ExtensibilityGlobals) = postSolution
		SolutionGuid = {555327B3-4480-42EF-B5B4-39479C4E8C8B}
	EndGlobalSection
EndGlobal
